// !$*UTF8*$!
{
	archiveVersion = 1;
	classes = {
	};
	objectVersion = 50;
	objects = {

/* Begin PBXBuildFile section */
		402717D4215EC94800C886F8 /* TopicScrollViewCell.swift in Sources */ = {isa = PBXBuildFile; fileRef = 402717D3215EC94800C886F8 /* TopicScrollViewCell.swift */; };
		402717D6215EC98F00C886F8 /* RadioButton.swift in Sources */ = {isa = PBXBuildFile; fileRef = 402717D5215EC98F00C886F8 /* RadioButton.swift */; };
		402717D9215EDADA00C886F8 /* SF-Pro-Text-Light.otf in Resources */ = {isa = PBXBuildFile; fileRef = 402717D7215EDADA00C886F8 /* SF-Pro-Text-Light.otf */; };
		402717DA215EDADA00C886F8 /* SF-Pro-Text-Heavy.otf in Resources */ = {isa = PBXBuildFile; fileRef = 402717D8215EDADA00C886F8 /* SF-Pro-Text-Heavy.otf */; };
		402717DC215EE01B00C886F8 /* QuestionHandler.swift in Sources */ = {isa = PBXBuildFile; fileRef = 402717DB215EE01B00C886F8 /* QuestionHandler.swift */; };
		402717DE215EE95B00C886F8 /* QuestionView.swift in Sources */ = {isa = PBXBuildFile; fileRef = 402717DD215EE95B00C886F8 /* QuestionView.swift */; };
		402717E1215EEDB300C886F8 /* 203.jpg in Resources */ = {isa = PBXBuildFile; fileRef = 402717E0215EEDB300C886F8 /* 203.jpg */; };
		402717E4215EF2B900C886F8 /* QuestionChoiceView.swift in Sources */ = {isa = PBXBuildFile; fileRef = 402717E3215EF2B900C886F8 /* QuestionChoiceView.swift */; };
		402717E6216071FE00C886F8 /* QuestionFinishedView.swift in Sources */ = {isa = PBXBuildFile; fileRef = 402717E5216071FE00C886F8 /* QuestionFinishedView.swift */; };
		402717E8216143B400C886F8 /* TextField.swift in Sources */ = {isa = PBXBuildFile; fileRef = 402717E7216143B400C886F8 /* TextField.swift */; };
		402AAFD4215DBA8000BF8815 /* AppDelegate.swift in Sources */ = {isa = PBXBuildFile; fileRef = 402AAFD3215DBA8000BF8815 /* AppDelegate.swift */; };
		402AAFD6215DBA8000BF8815 /* ViewController.swift in Sources */ = {isa = PBXBuildFile; fileRef = 402AAFD5215DBA8000BF8815 /* ViewController.swift */; };
		402AAFD9215DBA8000BF8815 /* Main.storyboard in Resources */ = {isa = PBXBuildFile; fileRef = 402AAFD7215DBA8000BF8815 /* Main.storyboard */; };
		402AAFDB215DBA8200BF8815 /* Assets.xcassets in Resources */ = {isa = PBXBuildFile; fileRef = 402AAFDA215DBA8200BF8815 /* Assets.xcassets */; };
		402AAFDE215DBA8200BF8815 /* LaunchScreen.storyboard in Resources */ = {isa = PBXBuildFile; fileRef = 402AAFDC215DBA8200BF8815 /* LaunchScreen.storyboard */; };
		402AAFE7215DBE3A00BF8815 /* Topic1Events.json in Resources */ = {isa = PBXBuildFile; fileRef = 402AAFE6215DBE3A00BF8815 /* Topic1Events.json */; };
		402AAFEA215DBED700BF8815 /* PlayTSV.swift in Sources */ = {isa = PBXBuildFile; fileRef = 402AAFE9215DBED700BF8815 /* PlayTSV.swift */; };
		402AAFEC215DBEE500BF8815 /* MenuView.swift in Sources */ = {isa = PBXBuildFile; fileRef = 402AAFEB215DBEE500BF8815 /* MenuView.swift */; };
		402AAFEE215DBEFA00BF8815 /* View.swift in Sources */ = {isa = PBXBuildFile; fileRef = 402AAFED215DBEFA00BF8815 /* View.swift */; };
		402AAFF0215DBFD900BF8815 /* ScreenScaler.swift in Sources */ = {isa = PBXBuildFile; fileRef = 402AAFEF215DBFD900BF8815 /* ScreenScaler.swift */; };
		402AAFF2215DC03B00BF8815 /* Button.swift in Sources */ = {isa = PBXBuildFile; fileRef = 402AAFF1215DC03B00BF8815 /* Button.swift */; };
		402AAFF6215DC1E900BF8815 /* Label.swift in Sources */ = {isa = PBXBuildFile; fileRef = 402AAFF5215DC1E900BF8815 /* Label.swift */; };
		402AAFF8215DD10900BF8815 /* TopicScrollView.swift in Sources */ = {isa = PBXBuildFile; fileRef = 402AAFF7215DD10900BF8815 /* TopicScrollView.swift */; };
		402AAFFD215DD19A00BF8815 /* DataStructures.swift in Sources */ = {isa = PBXBuildFile; fileRef = 402AAFFC215DD19A00BF8815 /* DataStructures.swift */; };
		40CC09FE215DD7D800AC9A38 /* DataHandler.swift in Sources */ = {isa = PBXBuildFile; fileRef = 40CC09FD215DD7D800AC9A38 /* DataHandler.swift */; };
		40CC0A02215DD84200AC9A38 /* Topic2History.json in Resources */ = {isa = PBXBuildFile; fileRef = 40CC0A01215DD84200AC9A38 /* Topic2History.json */; };
		40CE01E32162B43C008FC24F /* AllQuestionsCompleteView.swift in Sources */ = {isa = PBXBuildFile; fileRef = 40CE01E22162B43C008FC24F /* AllQuestionsCompleteView.swift */; };
		40CE01E52162C265008FC24F /* ImageView.swift in Sources */ = {isa = PBXBuildFile; fileRef = 40CE01E42162C265008FC24F /* ImageView.swift */; };
		40CE01EA2162E69D008FC24F /* Topic3Officers.json in Resources */ = {isa = PBXBuildFile; fileRef = 40CE01E92162E69D008FC24F /* Topic3Officers.json */; };
		40CE01EC2162E700008FC24F /* 301.jpg in Resources */ = {isa = PBXBuildFile; fileRef = 40CE01EB2162E700008FC24F /* 301.jpg */; };
		40CE01EE2162EE7C008FC24F /* QuestionInfoView.swift in Sources */ = {isa = PBXBuildFile; fileRef = 40CE01ED2162EE7C008FC24F /* QuestionInfoView.swift */; };
		40EB712021E2A2F90047FCCD /* Timer.swift in Sources */ = {isa = PBXBuildFile; fileRef = 40EB711F21E2A2F90047FCCD /* Timer.swift */; };
		40EB712221E2A7EE0047FCCD /* SettingsView.swift in Sources */ = {isa = PBXBuildFile; fileRef = 40EB712121E2A7EE0047FCCD /* SettingsView.swift */; };
/* End PBXBuildFile section */

/* Begin PBXFileReference section */
		402717D3215EC94800C886F8 /* TopicScrollViewCell.swift */ = {isa = PBXFileReference; lastKnownFileType = sourcecode.swift; path = TopicScrollViewCell.swift; sourceTree = "<group>"; };
		402717D5215EC98F00C886F8 /* RadioButton.swift */ = {isa = PBXFileReference; lastKnownFileType = sourcecode.swift; path = RadioButton.swift; sourceTree = "<group>"; };
		402717D7215EDADA00C886F8 /* SF-Pro-Text-Light.otf */ = {isa = PBXFileReference; lastKnownFileType = file; path = "SF-Pro-Text-Light.otf"; sourceTree = "<group>"; };
		402717D8215EDADA00C886F8 /* SF-Pro-Text-Heavy.otf */ = {isa = PBXFileReference; lastKnownFileType = file; path = "SF-Pro-Text-Heavy.otf"; sourceTree = "<group>"; };
		402717DB215EE01B00C886F8 /* QuestionHandler.swift */ = {isa = PBXFileReference; lastKnownFileType = sourcecode.swift; path = QuestionHandler.swift; sourceTree = "<group>"; };
		402717DD215EE95B00C886F8 /* QuestionView.swift */ = {isa = PBXFileReference; lastKnownFileType = sourcecode.swift; path = QuestionView.swift; sourceTree = "<group>"; };
		402717E0215EEDB300C886F8 /* 203.jpg */ = {isa = PBXFileReference; lastKnownFileType = image.jpeg; path = 203.jpg; sourceTree = "<group>"; };
		402717E3215EF2B900C886F8 /* QuestionChoiceView.swift */ = {isa = PBXFileReference; lastKnownFileType = sourcecode.swift; path = QuestionChoiceView.swift; sourceTree = "<group>"; };
		402717E5216071FE00C886F8 /* QuestionFinishedView.swift */ = {isa = PBXFileReference; lastKnownFileType = sourcecode.swift; path = QuestionFinishedView.swift; sourceTree = "<group>"; };
		402717E7216143B400C886F8 /* TextField.swift */ = {isa = PBXFileReference; lastKnownFileType = sourcecode.swift; path = TextField.swift; sourceTree = "<group>"; };
		402AAFD0215DBA7F00BF8815 /* FBLA.app */ = {isa = PBXFileReference; explicitFileType = wrapper.application; includeInIndex = 0; path = FBLA.app; sourceTree = BUILT_PRODUCTS_DIR; };
		402AAFD3215DBA8000BF8815 /* AppDelegate.swift */ = {isa = PBXFileReference; lastKnownFileType = sourcecode.swift; path = AppDelegate.swift; sourceTree = "<group>"; };
		402AAFD5215DBA8000BF8815 /* ViewController.swift */ = {isa = PBXFileReference; lastKnownFileType = sourcecode.swift; path = ViewController.swift; sourceTree = "<group>"; };
		402AAFD8215DBA8000BF8815 /* Base */ = {isa = PBXFileReference; lastKnownFileType = file.storyboard; name = Base; path = Base.lproj/Main.storyboard; sourceTree = "<group>"; };
		402AAFDA215DBA8200BF8815 /* Assets.xcassets */ = {isa = PBXFileReference; lastKnownFileType = folder.assetcatalog; path = Assets.xcassets; sourceTree = "<group>"; };
		402AAFDD215DBA8200BF8815 /* Base */ = {isa = PBXFileReference; lastKnownFileType = file.storyboard; name = Base; path = Base.lproj/LaunchScreen.storyboard; sourceTree = "<group>"; };
		402AAFDF215DBA8200BF8815 /* Info.plist */ = {isa = PBXFileReference; lastKnownFileType = text.plist.xml; path = Info.plist; sourceTree = "<group>"; };
		402AAFE6215DBE3A00BF8815 /* Topic1Events.json */ = {isa = PBXFileReference; lastKnownFileType = text.json; path = Topic1Events.json; sourceTree = "<group>"; };
		402AAFE9215DBED700BF8815 /* PlayTSV.swift */ = {isa = PBXFileReference; lastKnownFileType = sourcecode.swift; path = PlayTSV.swift; sourceTree = "<group>"; };
		402AAFEB215DBEE500BF8815 /* MenuView.swift */ = {isa = PBXFileReference; lastKnownFileType = sourcecode.swift; path = MenuView.swift; sourceTree = "<group>"; };
		402AAFED215DBEFA00BF8815 /* View.swift */ = {isa = PBXFileReference; lastKnownFileType = sourcecode.swift; path = View.swift; sourceTree = "<group>"; };
		402AAFEF215DBFD900BF8815 /* ScreenScaler.swift */ = {isa = PBXFileReference; lastKnownFileType = sourcecode.swift; path = ScreenScaler.swift; sourceTree = "<group>"; };
		402AAFF1215DC03B00BF8815 /* Button.swift */ = {isa = PBXFileReference; lastKnownFileType = sourcecode.swift; path = Button.swift; sourceTree = "<group>"; };
		402AAFF5215DC1E900BF8815 /* Label.swift */ = {isa = PBXFileReference; lastKnownFileType = sourcecode.swift; path = Label.swift; sourceTree = "<group>"; };
		402AAFF7215DD10900BF8815 /* TopicScrollView.swift */ = {isa = PBXFileReference; lastKnownFileType = sourcecode.swift; path = TopicScrollView.swift; sourceTree = "<group>"; };
		402AAFFC215DD19A00BF8815 /* DataStructures.swift */ = {isa = PBXFileReference; lastKnownFileType = sourcecode.swift; path = DataStructures.swift; sourceTree = "<group>"; };
		40CC09FD215DD7D800AC9A38 /* DataHandler.swift */ = {isa = PBXFileReference; lastKnownFileType = sourcecode.swift; path = DataHandler.swift; sourceTree = "<group>"; };
		40CC0A01215DD84200AC9A38 /* Topic2History.json */ = {isa = PBXFileReference; lastKnownFileType = text.json; path = Topic2History.json; sourceTree = "<group>"; };
		40CE01E22162B43C008FC24F /* AllQuestionsCompleteView.swift */ = {isa = PBXFileReference; lastKnownFileType = sourcecode.swift; path = AllQuestionsCompleteView.swift; sourceTree = "<group>"; };
		40CE01E42162C265008FC24F /* ImageView.swift */ = {isa = PBXFileReference; lastKnownFileType = sourcecode.swift; path = ImageView.swift; sourceTree = "<group>"; };
		40CE01E92162E69D008FC24F /* Topic3Officers.json */ = {isa = PBXFileReference; lastKnownFileType = text.json; path = Topic3Officers.json; sourceTree = "<group>"; };
		40CE01EB2162E700008FC24F /* 301.jpg */ = {isa = PBXFileReference; lastKnownFileType = image.jpeg; path = 301.jpg; sourceTree = "<group>"; };
		40CE01ED2162EE7C008FC24F /* QuestionInfoView.swift */ = {isa = PBXFileReference; lastKnownFileType = sourcecode.swift; path = QuestionInfoView.swift; sourceTree = "<group>"; };
		40EB711F21E2A2F90047FCCD /* Timer.swift */ = {isa = PBXFileReference; fileEncoding = 4; lastKnownFileType = sourcecode.swift; path = Timer.swift; sourceTree = "<group>"; };
		40EB712121E2A7EE0047FCCD /* SettingsView.swift */ = {isa = PBXFileReference; lastKnownFileType = sourcecode.swift; path = SettingsView.swift; sourceTree = "<group>"; };
/* End PBXFileReference section */

/* Begin PBXFrameworksBuildPhase section */
		402AAFCD215DBA7F00BF8815 /* Frameworks */ = {
			isa = PBXFrameworksBuildPhase;
			buildActionMask = 2147483647;
			files = (
			);
			runOnlyForDeploymentPostprocessing = 0;
		};
/* End PBXFrameworksBuildPhase section */

/* Begin PBXGroup section */
		402717D2215EC93200C886F8 /* TopicScrollView */ = {
			isa = PBXGroup;
			children = (
				402AAFF7215DD10900BF8815 /* TopicScrollView.swift */,
				402717D3215EC94800C886F8 /* TopicScrollViewCell.swift */,
			);
			path = TopicScrollView;
			sourceTree = "<group>";
		};
		402717DF215EED2500C886F8 /* Images */ = {
			isa = PBXGroup;
			children = (
				402717E0215EEDB300C886F8 /* 203.jpg */,
				40CE01EB2162E700008FC24F /* 301.jpg */,
			);
			path = Images;
			sourceTree = "<group>";
		};
		402717E2215EF2A600C886F8 /* QuestionView */ = {
			isa = PBXGroup;
			children = (
				402717DD215EE95B00C886F8 /* QuestionView.swift */,
				402717E3215EF2B900C886F8 /* QuestionChoiceView.swift */,
				402717E5216071FE00C886F8 /* QuestionFinishedView.swift */,
				40CE01E22162B43C008FC24F /* AllQuestionsCompleteView.swift */,
				40CE01ED2162EE7C008FC24F /* QuestionInfoView.swift */,
			);
			path = QuestionView;
			sourceTree = "<group>";
		};
		402AAFC7215DBA7F00BF8815 = {
			isa = PBXGroup;
			children = (
				402AAFD2215DBA7F00BF8815 /* FBLA */,
				402AAFD1215DBA7F00BF8815 /* Products */,
			);
			sourceTree = "<group>";
		};
		402AAFD1215DBA7F00BF8815 /* Products */ = {
			isa = PBXGroup;
			children = (
				402AAFD0215DBA7F00BF8815 /* FBLA.app */,
			);
			name = Products;
			sourceTree = "<group>";
		};
		402AAFD2215DBA7F00BF8815 /* FBLA */ = {
			isa = PBXGroup;
			children = (
				402AAFD3215DBA8000BF8815 /* AppDelegate.swift */,
				402AAFFB215DD12500BF8815 /* Core */,
				402AAFD5215DBA8000BF8815 /* ViewController.swift */,
				402AAFEF215DBFD900BF8815 /* ScreenScaler.swift */,
				402AAFE8215DBE5F00BF8815 /* Views */,
				402AAFF3215DC03F00BF8815 /* UI */,
				402AAFF4215DC05100BF8815 /* Supporting Files */,
				402AAFE5215DBE1700BF8815 /* Questions */,
				402717DF215EED2500C886F8 /* Images */,
			);
			path = FBLA;
			sourceTree = "<group>";
		};
		402AAFE5215DBE1700BF8815 /* Questions */ = {
			isa = PBXGroup;
			children = (
				402AAFE6215DBE3A00BF8815 /* Topic1Events.json */,
				40CC0A01215DD84200AC9A38 /* Topic2History.json */,
				40CE01E92162E69D008FC24F /* Topic3Officers.json */,
			);
			path = Questions;
			sourceTree = "<group>";
		};
		402AAFE8215DBE5F00BF8815 /* Views */ = {
			isa = PBXGroup;
			children = (
				402717E2215EF2A600C886F8 /* QuestionView */,
				402717D2215EC93200C886F8 /* TopicScrollView */,
				402AAFED215DBEFA00BF8815 /* View.swift */,
				402AAFEB215DBEE500BF8815 /* MenuView.swift */,
				402AAFE9215DBED700BF8815 /* PlayTSV.swift */,
				402717DB215EE01B00C886F8 /* QuestionHandler.swift */,
				40EB712121E2A7EE0047FCCD /* SettingsView.swift */,
			);
			path = Views;
			sourceTree = "<group>";
		};
		402AAFF3215DC03F00BF8815 /* UI */ = {
			isa = PBXGroup;
			children = (
				40EB711F21E2A2F90047FCCD /* Timer.swift */,
				402AAFF1215DC03B00BF8815 /* Button.swift */,
				402AAFF5215DC1E900BF8815 /* Label.swift */,
				402717D5215EC98F00C886F8 /* RadioButton.swift */,
				402717E7216143B400C886F8 /* TextField.swift */,
				40CE01E42162C265008FC24F /* ImageView.swift */,
			);
			path = UI;
			sourceTree = "<group>";
		};
		402AAFF4215DC05100BF8815 /* Supporting Files */ = {
			isa = PBXGroup;
			children = (
				402717D8215EDADA00C886F8 /* SF-Pro-Text-Heavy.otf */,
				402717D7215EDADA00C886F8 /* SF-Pro-Text-Light.otf */,
				402AAFD7215DBA8000BF8815 /* Main.storyboard */,
				402AAFDA215DBA8200BF8815 /* Assets.xcassets */,
				402AAFDC215DBA8200BF8815 /* LaunchScreen.storyboard */,
				402AAFDF215DBA8200BF8815 /* Info.plist */,
			);
			path = "Supporting Files";
			sourceTree = "<group>";
		};
		402AAFFB215DD12500BF8815 /* Core */ = {
			isa = PBXGroup;
			children = (
				402AAFFC215DD19A00BF8815 /* DataStructures.swift */,
				40CC09FD215DD7D800AC9A38 /* DataHandler.swift */,
			);
			path = Core;
			sourceTree = "<group>";
		};
/* End PBXGroup section */

/* Begin PBXNativeTarget section */
		402AAFCF215DBA7F00BF8815 /* FBLA */ = {
			isa = PBXNativeTarget;
			buildConfigurationList = 402AAFE2215DBA8200BF8815 /* Build configuration list for PBXNativeTarget "FBLA" */;
			buildPhases = (
				402AAFCC215DBA7F00BF8815 /* Sources */,
				402AAFCD215DBA7F00BF8815 /* Frameworks */,
				402AAFCE215DBA7F00BF8815 /* Resources */,
			);
			buildRules = (
			);
			dependencies = (
			);
			name = FBLA;
			productName = FBLA;
			productReference = 402AAFD0215DBA7F00BF8815 /* FBLA.app */;
			productType = "com.apple.product-type.application";
		};
/* End PBXNativeTarget section */

/* Begin PBXProject section */
		402AAFC8215DBA7F00BF8815 /* Project object */ = {
			isa = PBXProject;
			attributes = {
				LastSwiftUpdateCheck = 1000;
				LastUpgradeCheck = 1000;
				ORGANIZATIONNAME = "satvik borra";
				TargetAttributes = {
					402AAFCF215DBA7F00BF8815 = {
						CreatedOnToolsVersion = 10.0;
					};
				};
			};
			buildConfigurationList = 402AAFCB215DBA7F00BF8815 /* Build configuration list for PBXProject "FBLA" */;
			compatibilityVersion = "Xcode 9.3";
			developmentRegion = en;
			hasScannedForEncodings = 0;
			knownRegions = (
				en,
				Base,
			);
			mainGroup = 402AAFC7215DBA7F00BF8815;
			productRefGroup = 402AAFD1215DBA7F00BF8815 /* Products */;
			projectDirPath = "";
			projectRoot = "";
			targets = (
				402AAFCF215DBA7F00BF8815 /* FBLA */,
			);
		};
/* End PBXProject section */

/* Begin PBXResourcesBuildPhase section */
		402AAFCE215DBA7F00BF8815 /* Resources */ = {
			isa = PBXResourcesBuildPhase;
			buildActionMask = 2147483647;
			files = (
				40CE01EA2162E69D008FC24F /* Topic3Officers.json in Resources */,
				402717E1215EEDB300C886F8 /* 203.jpg in Resources */,
				40CE01EC2162E700008FC24F /* 301.jpg in Resources */,
				402AAFDE215DBA8200BF8815 /* LaunchScreen.storyboard in Resources */,
				402AAFDB215DBA8200BF8815 /* Assets.xcassets in Resources */,
				402717D9215EDADA00C886F8 /* SF-Pro-Text-Light.otf in Resources */,
				402717DA215EDADA00C886F8 /* SF-Pro-Text-Heavy.otf in Resources */,
				40CC0A02215DD84200AC9A38 /* Topic2History.json in Resources */,
				402AAFE7215DBE3A00BF8815 /* Topic1Events.json in Resources */,
				402AAFD9215DBA8000BF8815 /* Main.storyboard in Resources */,
			);
			runOnlyForDeploymentPostprocessing = 0;
		};
/* End PBXResourcesBuildPhase section */

/* Begin PBXSourcesBuildPhase section */
		402AAFCC215DBA7F00BF8815 /* Sources */ = {
			isa = PBXSourcesBuildPhase;
			buildActionMask = 2147483647;
			files = (
				40CE01E52162C265008FC24F /* ImageView.swift in Sources */,
				40EB712221E2A7EE0047FCCD /* SettingsView.swift in Sources */,
				40CE01EE2162EE7C008FC24F /* QuestionInfoView.swift in Sources */,
				402AAFF2215DC03B00BF8815 /* Button.swift in Sources */,
				402717E4215EF2B900C886F8 /* QuestionChoiceView.swift in Sources */,
				402AAFFD215DD19A00BF8815 /* DataStructures.swift in Sources */,
				40CE01E32162B43C008FC24F /* AllQuestionsCompleteView.swift in Sources */,
				402AAFD6215DBA8000BF8815 /* ViewController.swift in Sources */,
				402AAFEC215DBEE500BF8815 /* MenuView.swift in Sources */,
				402AAFEE215DBEFA00BF8815 /* View.swift in Sources */,
				40EB712021E2A2F90047FCCD /* Timer.swift in Sources */,
				402AAFF8215DD10900BF8815 /* TopicScrollView.swift in Sources */,
				40CC09FE215DD7D800AC9A38 /* DataHandler.swift in Sources */,
				402717D6215EC98F00C886F8 /* RadioButton.swift in Sources */,
				402AAFF0215DBFD900BF8815 /* ScreenScaler.swift in Sources */,
				402AAFEA215DBED700BF8815 /* PlayTSV.swift in Sources */,
				402717DE215EE95B00C886F8 /* QuestionView.swift in Sources */,
				402717DC215EE01B00C886F8 /* QuestionHandler.swift in Sources */,
				402717D4215EC94800C886F8 /* TopicScrollViewCell.swift in Sources */,
				402717E6216071FE00C886F8 /* QuestionFinishedView.swift in Sources */,
				402717E8216143B400C886F8 /* TextField.swift in Sources */,
				402AAFF6215DC1E900BF8815 /* Label.swift in Sources */,
				402AAFD4215DBA8000BF8815 /* AppDelegate.swift in Sources */,
			);
			runOnlyForDeploymentPostprocessing = 0;
		};
/* End PBXSourcesBuildPhase section */

/* Begin PBXVariantGroup section */
		402AAFD7215DBA8000BF8815 /* Main.storyboard */ = {
			isa = PBXVariantGroup;
			children = (
				402AAFD8215DBA8000BF8815 /* Base */,
			);
			name = Main.storyboard;
			sourceTree = "<group>";
		};
		402AAFDC215DBA8200BF8815 /* LaunchScreen.storyboard */ = {
			isa = PBXVariantGroup;
			children = (
				402AAFDD215DBA8200BF8815 /* Base */,
			);
			name = LaunchScreen.storyboard;
			sourceTree = "<group>";
		};
/* End PBXVariantGroup section */

/* Begin XCBuildConfiguration section */
		402AAFE0215DBA8200BF8815 /* Debug */ = {
			isa = XCBuildConfiguration;
			buildSettings = {
				ALWAYS_SEARCH_USER_PATHS = NO;
				CLANG_ANALYZER_NONNULL = YES;
				CLANG_ANALYZER_NUMBER_OBJECT_CONVERSION = YES_AGGRESSIVE;
				CLANG_CXX_LANGUAGE_STANDARD = "gnu++14";
				CLANG_CXX_LIBRARY = "libc++";
				CLANG_ENABLE_MODULES = YES;
				CLANG_ENABLE_OBJC_ARC = YES;
				CLANG_ENABLE_OBJC_WEAK = YES;
				CLANG_WARN_BLOCK_CAPTURE_AUTORELEASING = YES;
				CLANG_WARN_BOOL_CONVERSION = YES;
				CLANG_WARN_COMMA = YES;
				CLANG_WARN_CONSTANT_CONVERSION = YES;
				CLANG_WARN_DEPRECATED_OBJC_IMPLEMENTATIONS = YES;
				CLANG_WARN_DIRECT_OBJC_ISA_USAGE = YES_ERROR;
				CLANG_WARN_DOCUMENTATION_COMMENTS = YES;
				CLANG_WARN_EMPTY_BODY = YES;
				CLANG_WARN_ENUM_CONVERSION = YES;
				CLANG_WARN_INFINITE_RECURSION = YES;
				CLANG_WARN_INT_CONVERSION = YES;
				CLANG_WARN_NON_LITERAL_NULL_CONVERSION = YES;
				CLANG_WARN_OBJC_IMPLICIT_RETAIN_SELF = YES;
				CLANG_WARN_OBJC_LITERAL_CONVERSION = YES;
				CLANG_WARN_OBJC_ROOT_CLASS = YES_ERROR;
				CLANG_WARN_RANGE_LOOP_ANALYSIS = YES;
				CLANG_WARN_STRICT_PROTOTYPES = YES;
				CLANG_WARN_SUSPICIOUS_MOVE = YES;
				CLANG_WARN_UNGUARDED_AVAILABILITY = YES_AGGRESSIVE;
				CLANG_WARN_UNREACHABLE_CODE = YES;
				CLANG_WARN__DUPLICATE_METHOD_MATCH = YES;
				CODE_SIGN_IDENTITY = "iPhone Developer";
				COPY_PHASE_STRIP = NO;
				DEBUG_INFORMATION_FORMAT = dwarf;
				ENABLE_STRICT_OBJC_MSGSEND = YES;
				ENABLE_TESTABILITY = YES;
				GCC_C_LANGUAGE_STANDARD = gnu11;
				GCC_DYNAMIC_NO_PIC = NO;
				GCC_NO_COMMON_BLOCKS = YES;
				GCC_OPTIMIZATION_LEVEL = 0;
				GCC_PREPROCESSOR_DEFINITIONS = (
					"DEBUG=1",
					"$(inherited)",
				);
				GCC_WARN_64_TO_32_BIT_CONVERSION = YES;
				GCC_WARN_ABOUT_RETURN_TYPE = YES_ERROR;
				GCC_WARN_UNDECLARED_SELECTOR = YES;
				GCC_WARN_UNINITIALIZED_AUTOS = YES_AGGRESSIVE;
				GCC_WARN_UNUSED_FUNCTION = YES;
				GCC_WARN_UNUSED_VARIABLE = YES;
				IPHONEOS_DEPLOYMENT_TARGET = 12.0;
				MTL_ENABLE_DEBUG_INFO = INCLUDE_SOURCE;
				MTL_FAST_MATH = YES;
				ONLY_ACTIVE_ARCH = YES;
				SDKROOT = iphoneos;
				SWIFT_ACTIVE_COMPILATION_CONDITIONS = DEBUG;
				SWIFT_OPTIMIZATION_LEVEL = "-Onone";
			};
			name = Debug;
		};
		402AAFE1215DBA8200BF8815 /* Release */ = {
			isa = XCBuildConfiguration;
			buildSettings = {
				ALWAYS_SEARCH_USER_PATHS = NO;
				CLANG_ANALYZER_NONNULL = YES;
				CLANG_ANALYZER_NUMBER_OBJECT_CONVERSION = YES_AGGRESSIVE;
				CLANG_CXX_LANGUAGE_STANDARD = "gnu++14";
				CLANG_CXX_LIBRARY = "libc++";
				CLANG_ENABLE_MODULES = YES;
				CLANG_ENABLE_OBJC_ARC = YES;
				CLANG_ENABLE_OBJC_WEAK = YES;
				CLANG_WARN_BLOCK_CAPTURE_AUTORELEASING = YES;
				CLANG_WARN_BOOL_CONVERSION = YES;
				CLANG_WARN_COMMA = YES;
				CLANG_WARN_CONSTANT_CONVERSION = YES;
				CLANG_WARN_DEPRECATED_OBJC_IMPLEMENTATIONS = YES;
				CLANG_WARN_DIRECT_OBJC_ISA_USAGE = YES_ERROR;
				CLANG_WARN_DOCUMENTATION_COMMENTS = YES;
				CLANG_WARN_EMPTY_BODY = YES;
				CLANG_WARN_ENUM_CONVERSION = YES;
				CLANG_WARN_INFINITE_RECURSION = YES;
				CLANG_WARN_INT_CONVERSION = YES;
				CLANG_WARN_NON_LITERAL_NULL_CONVERSION = YES;
				CLANG_WARN_OBJC_IMPLICIT_RETAIN_SELF = YES;
				CLANG_WARN_OBJC_LITERAL_CONVERSION = YES;
				CLANG_WARN_OBJC_ROOT_CLASS = YES_ERROR;
				CLANG_WARN_RANGE_LOOP_ANALYSIS = YES;
				CLANG_WARN_STRICT_PROTOTYPES = YES;
				CLANG_WARN_SUSPICIOUS_MOVE = YES;
				CLANG_WARN_UNGUARDED_AVAILABILITY = YES_AGGRESSIVE;
				CLANG_WARN_UNREACHABLE_CODE = YES;
				CLANG_WARN__DUPLICATE_METHOD_MATCH = YES;
				CODE_SIGN_IDENTITY = "iPhone Developer";
				COPY_PHASE_STRIP = NO;
				DEBUG_INFORMATION_FORMAT = "dwarf-with-dsym";
				ENABLE_NS_ASSERTIONS = NO;
				ENABLE_STRICT_OBJC_MSGSEND = YES;
				GCC_C_LANGUAGE_STANDARD = gnu11;
				GCC_NO_COMMON_BLOCKS = YES;
				GCC_WARN_64_TO_32_BIT_CONVERSION = YES;
				GCC_WARN_ABOUT_RETURN_TYPE = YES_ERROR;
				GCC_WARN_UNDECLARED_SELECTOR = YES;
				GCC_WARN_UNINITIALIZED_AUTOS = YES_AGGRESSIVE;
				GCC_WARN_UNUSED_FUNCTION = YES;
				GCC_WARN_UNUSED_VARIABLE = YES;
				IPHONEOS_DEPLOYMENT_TARGET = 12.0;
				MTL_ENABLE_DEBUG_INFO = NO;
				MTL_FAST_MATH = YES;
				SDKROOT = iphoneos;
				SWIFT_COMPILATION_MODE = wholemodule;
				SWIFT_OPTIMIZATION_LEVEL = "-O";
				VALIDATE_PRODUCT = YES;
			};
			name = Release;
		};
		402AAFE3215DBA8200BF8815 /* Debug */ = {
			isa = XCBuildConfiguration;
			buildSettings = {
				ASSETCATALOG_COMPILER_APPICON_NAME = AppIcon;
				CODE_SIGN_STYLE = Automatic;
				DEVELOPMENT_TEAM = U8UQSCUMG7;
				INFOPLIST_FILE = "FBLA/Supporting Files/Info.plist";
				LD_RUNPATH_SEARCH_PATHS = (
					"$(inherited)",
					"@executable_path/Frameworks",
				);
				PRODUCT_BUNDLE_IDENTIFIER = com.sborra.FBLA;
				PRODUCT_NAME = "$(TARGET_NAME)";
				SWIFT_VERSION = 4.2;
				TARGETED_DEVICE_FAMILY = "1,2";
			};
			name = Debug;
		};
		402AAFE4215DBA8200BF8815 /* Release */ = {
			isa = XCBuildConfiguration;
			buildSettings = {
				ASSETCATALOG_COMPILER_APPICON_NAME = AppIcon;
				CODE_SIGN_STYLE = Automatic;
				DEVELOPMENT_TEAM = U8UQSCUMG7;
				INFOPLIST_FILE = "FBLA/Supporting Files/Info.plist";
				LD_RUNPATH_SEARCH_PATHS = (
					"$(inherited)",
					"@executable_path/Frameworks",
				);
				PRODUCT_BUNDLE_IDENTIFIER = com.sborra.FBLA;
				PRODUCT_NAME = "$(TARGET_NAME)";
				SWIFT_VERSION = 4.2;
				TARGETED_DEVICE_FAMILY = "1,2";
			};
			name = Release;
		};
/* End XCBuildConfiguration section */

/* Begin XCConfigurationList section */
		402AAFCB215DBA7F00BF8815 /* Build configuration list for PBXProject "FBLA" */ = {
			isa = XCConfigurationList;
			buildConfigurations = (
				402AAFE0215DBA8200BF8815 /* Debug */,
				402AAFE1215DBA8200BF8815 /* Release */,
			);
			defaultConfigurationIsVisible = 0;
			defaultConfigurationName = Release;
		};
		402AAFE2215DBA8200BF8815 /* Build configuration list for PBXNativeTarget "FBLA" */ = {
			isa = XCConfigurationList;
			buildConfigurations = (
				402AAFE3215DBA8200BF8815 /* Debug */,
				402AAFE4215DBA8200BF8815 /* Release */,
			);
			defaultConfigurationIsVisible = 0;
			defaultConfigurationName = Release;
		};
/* End XCConfigurationList section */
	};
	rootObject = 402AAFC8215DBA7F00BF8815 /* Project object */;
}
